
Microsoft Visual Studio Solution File, Format Version 12.00
# Visual Studio 2013
VisualStudioVersion = 12.0.21005.1
MinimumVisualStudioVersion = 10.0.40219.1
Project("{FAE04EC0-301F-11D3-BF4B-00C04F79EFBC}") = "Weather", "Weather.csproj", "{C4837CBC-2A08-48A8-A385-79FC8AA98F18}"
EndProject
Project("{FAE04EC0-301F-11D3-BF4B-00C04F79EFBC}") = "Crawler", "..\Crawler\Crawler.csproj", "{8B4967B7-B34F-4A45-B764-9FBD799F2876}"
EndProject
Project("{FAE04EC0-301F-11D3-BF4B-00C04F79EFBC}") = "Project1", "..\Project1\Project1.csproj", "{663FECC2-97F5-4F71-9E2B-56F5F1D771DA}"
EndProject
Global
	GlobalSection(SolutionConfigurationPlatforms) = preSolution
		Debug|Any CPU = Debug|Any CPU
		Release|Any CPU = Release|Any CPU
	EndGlobalSection
	GlobalSection(ProjectConfigurationPlatforms) = postSolution
		{C4837CBC-2A08-48A8-A385-79FC8AA98F18}.Debug|Any CPU.ActiveCfg = Debug|Any CPU
		{C4837CBC-2A08-48A8-A385-79FC8AA98F18}.Debug|Any CPU.Build.0 = Debug|Any CPU
		{C4837CBC-2A08-48A8-A385-79FC8AA98F18}.Release|Any CPU.ActiveCfg = Release|Any CPU
		{C4837CBC-2A08-48A8-A385-79FC8AA98F18}.Release|Any CPU.Build.0 = Release|Any CPU
		{8B4967B7-B34F-4A45-B764-9FBD799F2876}.Debug|Any CPU.ActiveCfg = Debug|Any CPU
		{8B4967B7-B34F-4A45-B764-9FBD799F2876}.Debug|Any CPU.Build.0 = Debug|Any CPU
		{8B4967B7-B34F-4A45-B764-9FBD799F2876}.Release|Any CPU.ActiveCfg = Release|Any CPU
		{8B4967B7-B34F-4A45-B764-9FBD799F2876}.Release|Any CPU.Build.0 = Release|Any CPU
		{663FECC2-97F5-4F71-9E2B-56F5F1D771DA}.Debug|Any CPU.ActiveCfg = Debug|Any CPU
		{663FECC2-97F5-4F71-9E2B-56F5F1D771DA}.Debug|Any CPU.Build.0 = Debug|Any CPU
		{663FECC2-97F5-4F71-9E2B-56F5F1D771DA}.Release|Any CPU.ActiveCfg = Release|Any CPU
		{663FECC2-97F5-4F71-9E2B-56F5F1D771DA}.Release|Any CPU.Build.0 = Release|Any CPU
	EndGlobalSection
	GlobalSection(SolutionProperties) = preSolution
		HideSolutionNode = FALSE
	EndGlobalSection
EndGlobal
